# @generated - this file is auto-generated by `mise lock` https://mise.en.dev/dev-tools/mise-lock.html

[[tools.go]]
version = "1.26.4"
backend = "core:go"

[tools.go."platforms.linux-arm64"]
checksum = "sha256:ef758ae7c6cf9267c9c0ef080b8965f453d89ab2d25d9eb22de4405925238768"
url = "https://dl.google.com/go/go1.26.4.linux-arm64.tar.gz"

[tools.go."platforms.linux-arm64-musl"]
checksum = "sha256:ef758ae7c6cf9267c9c0ef080b8965f453d89ab2d25d9eb22de4405925238768"
url = "https://dl.google.com/go/go1.26.4.linux-arm64.tar.gz"

[tools.go."platforms.linux-x64"]
checksum = "sha256:1153d3d50e0ac764b447adfe05c2bcf08e889d42a02e0fe0259bd47f6733ad7f"
url = "https://dl.google.com/go/go1.26.4.linux-amd64.tar.gz"

[tools.go."platforms.linux-x64-musl"]
checksum = "sha256:1153d3d50e0ac764b447adfe05c2bcf08e889d42a02e0fe0259bd47f6733ad7f"
url = "https://dl.google.com/go/go1.26.4.linux-amd64.tar.gz"

[tools.go."platforms.macos-arm64"]
checksum = "sha256:b62ad2b6d7d2464f12a5bcad7ff47f19d08325773b5efd21610e445a05a9bf53"
url = "https://dl.google.com/go/go1.26.4.darwin-arm64.tar.gz"

[tools.go."platforms.macos-x64"]
checksum = "sha256:05dc9b5f9997744520aaebb3d5deaa7c755371aebbfb7f97c2511a9f3367538d"
url = "https://dl.google.com/go/go1.26.4.darwin-amd64.tar.gz"

[tools.go."platforms.windows-x64"]
checksum = "sha256:3ca8fb4630b07c419cbdd51f754e31363cfcfb83b3a5354d9e895c90be2cc345"
url = "https://dl.google.com/go/go1.26.4.windows-amd64.zip"

[[tools.golangci-lint]]
version = "2.8.0"
backend = "aqua:golangci/golangci-lint"

[tools.golangci-lint."platforms.linux-arm64"]
checksum = "sha256:2a58388db8af5ab9330791cea0ebdd4100723cd05ad7185d92febaaee272ec9a"
url = "https://github.com/golangci/golangci-lint/releases/download/v2.8.0/golangci-lint-2.8.0-linux-arm64.tar.gz"
provenance = "github-attestations"

[tools.golangci-lint."platforms.linux-arm64-musl"]
checksum = "sha256:2a58388db8af5ab9330791cea0ebdd4100723cd05ad7185d92febaaee272ec9a"
url = "https://github.com/golangci/golangci-lint/releases/download/v2.8.0/golangci-lint-2.8.0-linux-arm64.tar.gz"
provenance = "github-attestations"

[tools.golangci-lint."platforms.linux-x64"]
checksum = "sha256:7048bc6b25c9515ed092c83f9fa8709ca97937ead52d9ff317a143299ee97a50"
url = "https://github.com/golangci/golangci-lint/releases/download/v2.8.0/golangci-lint-2.8.0-linux-amd64.tar.gz"
provenance = "github-attestations"

[tools.golangci-lint."platforms.linux-x64-musl"]
checksum = "sha256:7048bc6b25c9515ed092c83f9fa8709ca97937ead52d9ff317a143299ee97a50"
url = "https://github.com/golangci/golangci-lint/releases/download/v2.8.0/golangci-lint-2.8.0-linux-amd64.tar.gz"
provenance = "github-attestations"

[tools.golangci-lint."platforms.macos-arm64"]
checksum = "sha256:6f8979a83117e0607d4b85ff486382ef0404440bbf54f0e6f003ceab6ccf641e"
url = "https://github.com/golangci/golangci-lint/releases/download/v2.8.0/golangci-lint-2.8.0-darwin-arm64.tar.gz"
provenance = "github-attestations"

[tools.golangci-lint."platforms.macos-x64"]
checksum = "sha256:164c72806d0e31ab19da4f08fff748a3fdc57e241851279b666c945ed9b91830"
url = "https://github.com/golangci/golangci-lint/releases/download/v2.8.0/golangci-lint-2.8.0-darwin-amd64.tar.gz"
provenance = "github-attestations"

[tools.golangci-lint."platforms.windows-x64"]
checksum = "sha256:22428168a9406f79853bf9a198b66e88ded9faa57cf85e5d225361f457f33513"
url = "https://github.com/golangci/golangci-lint/releases/download/v2.8.0/golangci-lint-2.8.0-windows-amd64.zip"
provenance = "github-attestations"

[[tools.lefthook]]
version = "2.1.9"
backend = "aqua:evilmartians/lefthook"

[tools.lefthook."platforms.linux-arm64"]
checksum = "sha256:d1bae1c9c26b35270dd675c93c33cecead885368ed078b3976ec23cdcedd28e8"
url = "https://github.com/evilmartians/lefthook/releases/download/v2.1.9/lefthook_2.1.9_Linux_aarch64.gz"
provenance = "github-attestations"

[tools.lefthook."platforms.linux-arm64-musl"]
checksum = "sha256:d1bae1c9c26b35270dd675c93c33cecead885368ed078b3976ec23cdcedd28e8"
url = "https://github.com/evilmartians/lefthook/releases/download/v2.1.9/lefthook_2.1.9_Linux_aarch64.gz"
provenance = "github-attestations"

[tools.lefthook."platforms.linux-x64"]
checksum = "sha256:e938f34bd05bafe1155888879a045ef4ee8cf5b4a56c9e5e9b0c2649f295636e"
url = "https://github.com/evilmartians/lefthook/releases/download/v2.1.9/lefthook_2.1.9_Linux_x86_64.gz"
provenance = "github-attestations"

[tools.lefthook."platforms.linux-x64-musl"]
checksum = "sha256:e938f34bd05bafe1155888879a045ef4ee8cf5b4a56c9e5e9b0c2649f295636e"
url = "https://github.com/evilmartians/lefthook/releases/download/v2.1.9/lefthook_2.1.9_Linux_x86_64.gz"
provenance = "github-attestations"

[tools.lefthook."platforms.macos-arm64"]
checksum = "sha256:808f8ef81a61e01eb41c1a2951e5639804f2372dc6a484bbeff726406745c77f"
url = "https://github.com/evilmartians/lefthook/releases/download/v2.1.9/lefthook_2.1.9_MacOS_arm64.gz"
provenance = "github-attestations"

[tools.lefthook."platforms.macos-x64"]
checksum = "sha256:371c3c75cb07a8cdf41295596d3981adc1f92dee7795001f7d471e1f36fe2a0e"
url = "https://github.com/evilmartians/lefthook/releases/download/v2.1.9/lefthook_2.1.9_MacOS_x86_64.gz"
provenance = "github-attestations"

[tools.lefthook."platforms.windows-x64"]
checksum = "sha256:1f29681dfbc36b9bdde52139cca6c4668ea4d51fd81e9127a3b78f49369db67e"
url = "https://github.com/evilmartians/lefthook/releases/download/v2.1.9/lefthook_2.1.9_Windows_x86_64.gz"
provenance = "github-attestations"
